
Microsoft Visual Studio Solution File, Format Version 12.00
# Visual Studio Version 16
VisualStudioVersion = 16.0.30804.86
MinimumVisualStudioVersion = 10.0.40219.1
Project("{FAE04EC0-301F-11D3-BF4B-00C04F79EFBC}") = "Hangfire Demos", "Hangfire Demos\Hangfire Demos.csproj", "{B594C107-F3F0-4E4E-A085-73A1F527B31D}"
EndProject
Global
	GlobalSection(SolutionConfigurationPlatforms) = preSolution
		Debug|Any CPU = Debug|Any CPU
		Release|Any CPU = Release|Any CPU
	EndGlobalSection
	GlobalSection(ProjectConfigurationPlatforms) = postSolution
		{B594C107-F3F0-4E4E-A085-73A1F527B31D}.Debug|Any CPU.ActiveCfg = Debug|Any CPU
		{B594C107-F3F0-4E4E-A085-73A1F527B31D}.Debug|Any CPU.Build.0 = Debug|Any CPU
		{B594C107-F3F0-4E4E-A085-73A1F527B31D}.Release|Any CPU.ActiveCfg = Release|Any CPU
		{B594C107-F3F0-4E4E-A085-73A1F527B31D}.Release|Any CPU.Build.0 = Release|Any CPU
	EndGlobalSection
	GlobalSection(SolutionProperties) = preSolution
		HideSolutionNode = FALSE
	EndGlobalSection
	GlobalSection(ExtensibilityGlobals) = postSolution
		SolutionGuid = {C75E1ABF-DF29-459F-B7AA-542983A84397}
	EndGlobalSection
EndGlobal
